
Microsoft Visual Studio Solution File, Format Version 12.00
# Visual Studio Version 17
VisualStudioVersion = 17.5.33516.290
MinimumVisualStudioVersion = 10.0.40219.1
Project("{FAE04EC0-301F-11D3-BF4B-00C04F79EFBC}") = "Flashcard_Generator", "Flashcard_Generator\Flashcard_Generator.csproj", "{5AF82CF3-F349-4BA3-818F-D74CBD6A97FD}"
EndProject
Global
	GlobalSection(SolutionConfigurationPlatforms) = preSolution
		Debug|Any CPU = Debug|Any CPU
		Release|Any CPU = Release|Any CPU
	EndGlobalSection
	GlobalSection(ProjectConfigurationPlatforms) = postSolution
		{5AF82CF3-F349-4BA3-818F-D74CBD6A97FD}.Debug|Any CPU.ActiveCfg = Debug|Any CPU
		{5AF82CF3-F349-4BA3-818F-D74CBD6A97FD}.Debug|Any CPU.Build.0 = Debug|Any CPU
		{5AF82CF3-F349-4BA3-818F-D74CBD6A97FD}.Release|Any CPU.ActiveCfg = Release|Any CPU
		{5AF82CF3-F349-4BA3-818F-D74CBD6A97FD}.Release|Any CPU.Build.0 = Release|Any CPU
	EndGlobalSection
	GlobalSection(SolutionProperties) = preSolution
		HideSolutionNode = FALSE
	EndGlobalSection
	GlobalSection(ExtensibilityGlobals) = postSolution
		SolutionGuid = {58FD562D-2065-4C9C-99D0-47432E51E5DB}
	EndGlobalSection
EndGlobal
